
Microsoft Visual Studio Solution File, Format Version 12.00
# Visual Studio Version 17
VisualStudioVersion = 17.14.36717.8
MinimumVisualStudioVersion = 10.0.40219.1
Project("{8BC9CEB8-8B4A-11D0-8D11-00A0C91BC942}") = "DirectX11", "DirectX11\DirectX11.vcxproj", "{643A3EF7-4105-4555-BB2D-0A23FF4D9BA9}"
EndProject
Project("{8BC9CEB8-8B4A-11D0-8D11-00A0C91BC942}") = "DirectX12", "DirectX12\DirectX12.vcxproj", "{85910FBB-0ACD-439E-8997-995410C4342E}"
EndProject
Project("{8BC9CEB8-8B4A-11D0-8D11-00A0C91BC942}") = "Vulkan", "Vulkan\Vulkan.vcxproj", "{8D6F0F92-91EC-40F2-984F-61ED3F9A940A}"
EndProject
Project("{8BC9CEB8-8B4A-11D0-8D11-00A0C91BC942}") = "ShaderTool", "ShaderTool\ShaderTool.vcxproj", "{76F24EB1-5B56-4D10-A52F-722BEE339C6A}"
EndProject
Project("{2150E333-8FDC-42A3-9474-1A3956D46DE8}") = "Renderer", "Renderer", "{DDB4EF12-CC4E-5E88-E6FC-71A802F4DE97}"
EndProject
Project("{2150E333-8FDC-42A3-9474-1A3956D46DE8}") = "Engine", "Engine", "{19A0D532-D13A-4D3A-88CE-93182CAD4F00}"
EndProject
Project("{8BC9CEB8-8B4A-11D0-8D11-00A0C91BC942}") = "Audio", "Audio\Audio.vcxproj", "{3A869B71-07AB-4151-AA49-86F427C36404}"
EndProject
Project("{8BC9CEB8-8B4A-11D0-8D11-00A0C91BC942}") = "Core", "Core\Core.vcxproj", "{AA0C4AB0-61DC-44D6-8699-F3A999658716}"
EndProject
Project("{8BC9CEB8-8B4A-11D0-8D11-00A0C91BC942}") = "Game", "Game\Game.vcxproj", "{98B691F5-F890-432F-92F2-E7AD0F5F2E2D}"
EndProject
Project("{8BC9CEB8-8B4A-11D0-8D11-00A0C91BC942}") = "Editor", "Editor\Editor.vcxproj", "{A9F7E0E9-4A2E-4A64-8142-64797ADD5EBA}"
EndProject
Project("{8BC9CEB8-8B4A-11D0-8D11-00A0C91BC942}") = "Interface", "Interface\Interface.vcxproj", "{C8E0EEC8-C785-4323-8503-DC992407658E}"
EndProject
Project("{8BC9CEB8-8B4A-11D0-8D11-00A0C91BC942}") = "Qt", "Qt\Qt.vcxproj", "{08D10A84-2B8D-400D-993F-4CD8141BE3ED}"
EndProject
Global
	GlobalSection(SolutionConfigurationPlatforms) = preSolution
		Debug|x64 = Debug|x64
		Debug|x86 = Debug|x86
		Release|x64 = Release|x64
		Release|x86 = Release|x86
	EndGlobalSection
	GlobalSection(ProjectConfigurationPlatforms) = postSolution
		{643A3EF7-4105-4555-BB2D-0A23FF4D9BA9}.Debug|x64.ActiveCfg = Debug|x64
		{643A3EF7-4105-4555-BB2D-0A23FF4D9BA9}.Debug|x64.Build.0 = Debug|x64
		{643A3EF7-4105-4555-BB2D-0A23FF4D9BA9}.Debug|x86.ActiveCfg = Debug|Win32
		{643A3EF7-4105-4555-BB2D-0A23FF4D9BA9}.Debug|x86.Build.0 = Debug|Win32
		{643A3EF7-4105-4555-BB2D-0A23FF4D9BA9}.Release|x64.ActiveCfg = Release|x64
		{643A3EF7-4105-4555-BB2D-0A23FF4D9BA9}.Release|x64.Build.0 = Release|x64
		{643A3EF7-4105-4555-BB2D-0A23FF4D9BA9}.Release|x86.ActiveCfg = Release|Win32
		{643A3EF7-4105-4555-BB2D-0A23FF4D9BA9}.Release|x86.Build.0 = Release|Win32
		{85910FBB-0ACD-439E-8997-995410C4342E}.Debug|x64.ActiveCfg = Debug|x64
		{85910FBB-0ACD-439E-8997-995410C4342E}.Debug|x64.Build.0 = Debug|x64
		{85910FBB-0ACD-439E-8997-995410C4342E}.Debug|x86.ActiveCfg = Debug|Win32
		{85910FBB-0ACD-439E-8997-995410C4342E}.Debug|x86.Build.0 = Debug|Win32
		{85910FBB-0ACD-439E-8997-995410C4342E}.Release|x64.ActiveCfg = Release|x64
		{85910FBB-0ACD-439E-8997-995410C4342E}.Release|x64.Build.0 = Release|x64
		{85910FBB-0ACD-439E-8997-995410C4342E}.Release|x86.ActiveCfg = Release|Win32
		{85910FBB-0ACD-439E-8997-995410C4342E}.Release|x86.Build.0 = Release|Win32
		{8D6F0F92-91EC-40F2-984F-61ED3F9A940A}.Debug|x64.ActiveCfg = Debug|x64
		{8D6F0F92-91EC-40F2-984F-61ED3F9A940A}.Debug|x64.Build.0 = Debug|x64
		{8D6F0F92-91EC-40F2-984F-61ED3F9A940A}.Debug|x86.ActiveCfg = Debug|Win32
		{8D6F0F92-91EC-40F2-984F-61ED3F9A940A}.Debug|x86.Build.0 = Debug|Win32
		{8D6F0F92-91EC-40F2-984F-61ED3F9A940A}.Release|x64.ActiveCfg = Release|x64
		{8D6F0F92-91EC-40F2-984F-61ED3F9A940A}.Release|x64.Build.0 = Release|x64
		{8D6F0F92-91EC-40F2-984F-61ED3F9A940A}.Release|x86.ActiveCfg = Release|Win32
		{8D6F0F92-91EC-40F2-984F-61ED3F9A940A}.Release|x86.Build.0 = Release|Win32
		{76F24EB1-5B56-4D10-A52F-722BEE339C6A}.Debug|x64.ActiveCfg = Debug|x64
		{76F24EB1-5B56-4D10-A52F-722BEE339C6A}.Debug|x64.Build.0 = Debug|x64
		{76F24EB1-5B56-4D10-A52F-722BEE339C6A}.Debug|x86.ActiveCfg = Debug|Win32
		{76F24EB1-5B56-4D10-A52F-722BEE339C6A}.Debug|x86.Build.0 = Debug|Win32
		{76F24EB1-5B56-4D10-A52F-722BEE339C6A}.Release|x64.ActiveCfg = Release|x64
		{76F24EB1-5B56-4D10-A52F-722BEE339C6A}.Release|x64.Build.0 = Release|x64
		{76F24EB1-5B56-4D10-A52F-722BEE339C6A}.Release|x86.ActiveCfg = Release|Win32
		{76F24EB1-5B56-4D10-A52F-722BEE339C6A}.Release|x86.Build.0 = Release|Win32
		{3A869B71-07AB-4151-AA49-86F427C36404}.Debug|x64.ActiveCfg = Debug|x64
		{3A869B71-07AB-4151-AA49-86F427C36404}.Debug|x64.Build.0 = Debug|x64
		{3A869B71-07AB-4151-AA49-86F427C36404}.Debug|x86.ActiveCfg = Debug|Win32
		{3A869B71-07AB-4151-AA49-86F427C36404}.Debug|x86.Build.0 = Debug|Win32
		{3A869B71-07AB-4151-AA49-86F427C36404}.Release|x64.ActiveCfg = Release|x64
		{3A869B71-07AB-4151-AA49-86F427C36404}.Release|x64.Build.0 = Release|x64
		{3A869B71-07AB-4151-AA49-86F427C36404}.Release|x86.ActiveCfg = Release|Win32
		{3A869B71-07AB-4151-AA49-86F427C36404}.Release|x86.Build.0 = Release|Win32
		{AA0C4AB0-61DC-44D6-8699-F3A999658716}.Debug|x64.ActiveCfg = Debug|x64
		{AA0C4AB0-61DC-44D6-8699-F3A999658716}.Debug|x64.Build.0 = Debug|x64
		{AA0C4AB0-61DC-44D6-8699-F3A999658716}.Debug|x86.ActiveCfg = Debug|Win32
		{AA0C4AB0-61DC-44D6-8699-F3A999658716}.Debug|x86.Build.0 = Debug|Win32
		{AA0C4AB0-61DC-44D6-8699-F3A999658716}.Release|x64.ActiveCfg = Release|x64
		{AA0C4AB0-61DC-44D6-8699-F3A999658716}.Release|x64.Build.0 = Release|x64
		{AA0C4AB0-61DC-44D6-8699-F3A999658716}.Release|x86.ActiveCfg = Release|Win32
		{AA0C4AB0-61DC-44D6-8699-F3A999658716}.Release|x86.Build.0 = Release|Win32
		{98B691F5-F890-432F-92F2-E7AD0F5F2E2D}.Debug|x64.ActiveCfg = Debug|x64
		{98B691F5-F890-432F-92F2-E7AD0F5F2E2D}.Debug|x64.Build.0 = Debug|x64
		{98B691F5-F890-432F-92F2-E7AD0F5F2E2D}.Debug|x86.ActiveCfg = Debug|Win32
		{98B691F5-F890-432F-92F2-E7AD0F5F2E2D}.Debug|x86.Build.0 = Debug|Win32
		{98B691F5-F890-432F-92F2-E7AD0F5F2E2D}.Release|x64.ActiveCfg = Release|x64
		{98B691F5-F890-432F-92F2-E7AD0F5F2E2D}.Release|x64.Build.0 = Release|x64
		{98B691F5-F890-432F-92F2-E7AD0F5F2E2D}.Release|x86.ActiveCfg = Release|Win32
		{98B691F5-F890-432F-92F2-E7AD0F5F2E2D}.Release|x86.Build.0 = Release|Win32
		{A9F7E0E9-4A2E-4A64-8142-64797ADD5EBA}.Debug|x64.ActiveCfg = Debug|x64
		{A9F7E0E9-4A2E-4A64-8142-64797ADD5EBA}.Debug|x64.Build.0 = Debug|x64
		{A9F7E0E9-4A2E-4A64-8142-64797ADD5EBA}.Debug|x86.ActiveCfg = Debug|Win32
		{A9F7E0E9-4A2E-4A64-8142-64797ADD5EBA}.Debug|x86.Build.0 = Debug|Win32
		{A9F7E0E9-4A2E-4A64-8142-64797ADD5EBA}.Release|x64.ActiveCfg = Release|x64
		{A9F7E0E9-4A2E-4A64-8142-64797ADD5EBA}.Release|x64.Build.0 = Release|x64
		{A9F7E0E9-4A2E-4A64-8142-64797ADD5EBA}.Release|x86.ActiveCfg = Release|Win32
		{A9F7E0E9-4A2E-4A64-8142-64797ADD5EBA}.Release|x86.Build.0 = Release|Win32
		{C8E0EEC8-C785-4323-8503-DC992407658E}.Debug|x64.ActiveCfg = Debug|x64
		{C8E0EEC8-C785-4323-8503-DC992407658E}.Debug|x64.Build.0 = Debug|x64
		{C8E0EEC8-C785-4323-8503-DC992407658E}.Debug|x86.ActiveCfg = Debug|Win32
		{C8E0EEC8-C785-4323-8503-DC992407658E}.Debug|x86.Build.0 = Debug|Win32
		{C8E0EEC8-C785-4323-8503-DC992407658E}.Release|x64.ActiveCfg = Release|x64
		{C8E0EEC8-C785-4323-8503-DC992407658E}.Release|x64.Build.0 = Release|x64
		{C8E0EEC8-C785-4323-8503-DC992407658E}.Release|x86.ActiveCfg = Release|Win32
		{C8E0EEC8-C785-4323-8503-DC992407658E}.Release|x86.Build.0 = Release|Win32
		{08D10A84-2B8D-400D-993F-4CD8141BE3ED}.Debug|x64.ActiveCfg = Debug|x64
		{08D10A84-2B8D-400D-993F-4CD8141BE3ED}.Debug|x64.Build.0 = Debug|x64
		{08D10A84-2B8D-400D-993F-4CD8141BE3ED}.Debug|x86.ActiveCfg = Debug|x64
		{08D10A84-2B8D-400D-993F-4CD8141BE3ED}.Debug|x86.Build.0 = Debug|x64
		{08D10A84-2B8D-400D-993F-4CD8141BE3ED}.Release|x64.ActiveCfg = Release|x64
		{08D10A84-2B8D-400D-993F-4CD8141BE3ED}.Release|x64.Build.0 = Release|x64
		{08D10A84-2B8D-400D-993F-4CD8141BE3ED}.Release|x86.ActiveCfg = Release|x64
		{08D10A84-2B8D-400D-993F-4CD8141BE3ED}.Release|x86.Build.0 = Release|x64
	EndGlobalSection
	GlobalSection(SolutionProperties) = preSolution
		HideSolutionNode = FALSE
	EndGlobalSection
	GlobalSection(NestedProjects) = preSolution
		{643A3EF7-4105-4555-BB2D-0A23FF4D9BA9} = {DDB4EF12-CC4E-5E88-E6FC-71A802F4DE97}
		{85910FBB-0ACD-439E-8997-995410C4342E} = {DDB4EF12-CC4E-5E88-E6FC-71A802F4DE97}
		{8D6F0F92-91EC-40F2-984F-61ED3F9A940A} = {DDB4EF12-CC4E-5E88-E6FC-71A802F4DE97}
		{76F24EB1-5B56-4D10-A52F-722BEE339C6A} = {19A0D532-D13A-4D3A-88CE-93182CAD4F00}
		{DDB4EF12-CC4E-5E88-E6FC-71A802F4DE97} = {19A0D532-D13A-4D3A-88CE-93182CAD4F00}
		{3A869B71-07AB-4151-AA49-86F427C36404} = {19A0D532-D13A-4D3A-88CE-93182CAD4F00}
		{AA0C4AB0-61DC-44D6-8699-F3A999658716} = {19A0D532-D13A-4D3A-88CE-93182CAD4F00}
		{C8E0EEC8-C785-4323-8503-DC992407658E} = {DDB4EF12-CC4E-5E88-E6FC-71A802F4DE97}
		{08D10A84-2B8D-400D-993F-4CD8141BE3ED} = {19A0D532-D13A-4D3A-88CE-93182CAD4F00}
	EndGlobalSection
	GlobalSection(ExtensibilityGlobals) = postSolution
		SolutionGuid = {32D08042-FF39-479D-ACF1-2FBFD25C6D14}
	EndGlobalSection
EndGlobal
